
Microsoft Visual Studio Solution File, Format Version 12.00
# Visual Studio Version 16
VisualStudioVersion = 16.0.29509.3
MinimumVisualStudioVersion = 10.0.40219.1
Project("{FAE04EC0-301F-11D3-BF4B-00C04F79EFBC}") = "VoxelMapConverter", "VoxelMapConverter\VoxelMapConverter.csproj", "{1745F52B-E6CF-469C-9BC7-7AA6EF4252F2}"
EndProject
Global
	GlobalSection(SolutionConfigurationPlatforms) = preSolution
		Debug|Any CPU = Debug|Any CPU
		Release|Any CPU = Release|Any CPU
	EndGlobalSection
	GlobalSection(ProjectConfigurationPlatforms) = postSolution
		{1745F52B-E6CF-469C-9BC7-7AA6EF4252F2}.Debug|Any CPU.ActiveCfg = Debug|Any CPU
		{1745F52B-E6CF-469C-9BC7-7AA6EF4252F2}.Debug|Any CPU.Build.0 = Debug|Any CPU
		{1745F52B-E6CF-469C-9BC7-7AA6EF4252F2}.Release|Any CPU.ActiveCfg = Release|Any CPU
		{1745F52B-E6CF-469C-9BC7-7AA6EF4252F2}.Release|Any CPU.Build.0 = Release|Any CPU
	EndGlobalSection
	GlobalSection(SolutionProperties) = preSolution
		HideSolutionNode = FALSE
	EndGlobalSection
	GlobalSection(ExtensibilityGlobals) = postSolution
		SolutionGuid = {12793838-8581-46EF-BAC4-210240404BA7}
	EndGlobalSection
EndGlobal
